
Microsoft Visual Studio Solution File, Format Version 12.00
# Visual Studio Version 17
VisualStudioVersion = 17.5.002.0
MinimumVisualStudioVersion = 10.0.40219.1
Project("{9A19103F-16F7-4668-BE54-9A1E7A4F7556}") = "AuthCore", "AuthCore.csproj", "{B99D10A9-D799-44E3-9EE1-7710A8066090}"
EndProject
Global
	GlobalSection(SolutionConfigurationPlatforms) = preSolution
		Debug|Any CPU = Debug|Any CPU
		Release|Any CPU = Release|Any CPU
	EndGlobalSection
	GlobalSection(ProjectConfigurationPlatforms) = postSolution
		{B99D10A9-D799-44E3-9EE1-7710A8066090}.Debug|Any CPU.ActiveCfg = Debug|Any CPU
		{B99D10A9-D799-44E3-9EE1-7710A8066090}.Debug|Any CPU.Build.0 = Debug|Any CPU
		{B99D10A9-D799-44E3-9EE1-7710A8066090}.Release|Any CPU.ActiveCfg = Release|Any CPU
		{B99D10A9-D799-44E3-9EE1-7710A8066090}.Release|Any CPU.Build.0 = Release|Any CPU
	EndGlobalSection
	GlobalSection(SolutionProperties) = preSolution
		HideSolutionNode = FALSE
	EndGlobalSection
	GlobalSection(ExtensibilityGlobals) = postSolution
		SolutionGuid = {6A71720D-8854-4895-9AED-CC63E3F91045}
	EndGlobalSection
EndGlobal
